<?xml version="1.0" encoding="utf-8"?>
<Project ToolsVersion="4.0" xmlns="http://schemas.microsoft.com/developer/msbuild/2003">
  <ItemGroup>
    <ClCompile Include="src\main.cpp" />
    <ClCompile Include="src\testApp.cpp" />
    <ClCompile Include="src\baseBlock\baseBlock.cpp">
      <Filter>Blocks\BaseBlock</Filter>
    </ClCompile>
    <ClCompile Include="src\blockGroup\group_ActionFuncs.cpp">
      <Filter>Blocks\BlockGroup</Filter>
    </ClCompile>
    <ClCompile Include="src\blockGroup\group_DrawFuncs.cpp">
      <Filter>Blocks\BlockGroup</Filter>
    </ClCompile>
    <ClCompile Include="src\blockGroup\group_MouseFuncts.cpp">
      <Filter>Blocks\BlockGroup</Filter>
    </ClCompile>
    <ClCompile Include="src\blockGroup\group_SetupFuncs.cpp">
      <Filter>Blocks\BlockGroup</Filter>
    </ClCompile>
    <ClCompile Include="src\blockGroup\group_WriteFuncs.cpp">
      <Filter>Blocks\BlockGroup</Filter>
    </ClCompile>
    <ClCompile Include="src\block_DrawingFuncs.cpp">
      <Filter>Blocks</Filter>
    </ClCompile>
    <ClCompile Include="src\block_MouseFuncs.cpp">
      <Filter>Blocks</Filter>
    </ClCompile>
    <ClCompile Include="src\block_WriteOutFuncs.cpp">
      <Filter>Blocks</Filter>
    </ClCompile>
    <ClCompile Include="src\blockDraw.cpp">
      <Filter>Blocks</Filter>
    </ClCompile>
    <ClCompile Include="src\blockLoad.cpp">
      <Filter>Blocks</Filter>
    </ClCompile>
    <ClCompile Include="src\blocks.cpp">
      <Filter>Blocks</Filter>
    </ClCompile>
    <ClCompile Include="src\controlBar\controlBar.cpp">
      <Filter>Controls</Filter>
    </ClCompile>
    <ClCompile Include="src\uploadModule\uploadModule.cpp">
      <Filter>Controls\Upload Module</Filter>
    </ClCompile>
    <ClCompile Include="src\demoAnim\demoAnim.cpp">
      <Filter>Controls\DemoAnimation</Filter>
    </ClCompile>
    <ClCompile Include="src\serialChecker\serialCheck.cpp">
      <Filter>Controls\serialChecker</Filter>
    </ClCompile>
    <ClCompile Include="src\newSizeAndPositionFunctions.cpp">
      <Filter>Blocks</Filter>
    </ClCompile>
    <ClCompile Include="src\sideBar\sideBar.cpp">
      <Filter>Blocks\SideBar</Filter>
    </ClCompile>
    <ClCompile Include="..\dallasEng\dallasEng.cpp">
      <Filter>DallasEng</Filter>
    </ClCompile>
    <ClCompile Include="..\..\..\addons\ofxSystemCall\src\ofxThread.cpp">
      <Filter>ofxSystemCall\src</Filter>
    </ClCompile>
    <ClCompile Include="src\RFID_reader\RFID_reader.cpp">
      <Filter>Controls\RFID_reader</Filter>
    </ClCompile>
    <ClCompile Include="..\..\..\addons\ofxDirList\src\ofxDirList.cpp">
      <Filter>ofxDirList\src</Filter>
    </ClCompile>
    <ClCompile Include="src\compiler\compiler.cpp">
      <Filter>Controls\compiler</Filter>
    </ClCompile>
    <ClCompile Include="src\robotConfig.cpp">
      <Filter>Controls</Filter>
    </ClCompile>
    <ClCompile Include="src\screenTest\screenTest.cpp">
      <Filter>Controls\screenTest</Filter>
    </ClCompile>
    <ClCompile Include="src\screenTest\turtle\turtle.cpp">
      <Filter>Controls\screenTest\turtle</Filter>
    </ClCompile>
    <ClCompile Include="src\screenTest\turtleAction\turtleAction.cpp">
      <Filter>Controls\screenTest\turtleAction</Filter>
    </ClCompile>
    <ClCompile Include="src\screenTest\evaluateExpression\evaluate.cpp">
      <Filter>Controls\screenTest\evaluateExpression</Filter>
    </ClCompile>
    <ClCompile Include="src\screenReport\screenReport.cpp">
      <Filter>screenReport</Filter>
    </ClCompile>
  </ItemGroup>
  <ItemGroup>
    <ClInclude Include="src\testApp.h" />
    <ClInclude Include="src\baseBlock\baseBlock.h">
      <Filter>Blocks\BaseBlock</Filter>
    </ClInclude>
    <ClInclude Include="src\blockGroup\blockGroup.h">
      <Filter>Blocks\BlockGroup</Filter>
    </ClInclude>
    <ClInclude Include="src\blocks.h">
      <Filter>Blocks</Filter>
    </ClInclude>
    <ClInclude Include="src\blockDraw.h">
      <Filter>Blocks</Filter>
    </ClInclude>
    <ClInclude Include="src\blockLoad.h">
      <Filter>Blocks</Filter>
    </ClInclude>
    <ClInclude Include="src\controlBar\controlBar.h">
      <Filter>Controls</Filter>
    </ClInclude>
    <ClInclude Include="src\uploadModule\uploadModule.h">
      <Filter>Controls\Upload Module</Filter>
    </ClInclude>
    <ClInclude Include="src\demoAnim\demoAnim.h">
      <Filter>Controls\DemoAnimation</Filter>
    </ClInclude>
    <ClInclude Include="src\serialChecker\serialCheck.h">
      <Filter>Controls\serialChecker</Filter>
    </ClInclude>
    <ClInclude Include="src\sideBar\sideBar.h">
      <Filter>Blocks\SideBar</Filter>
    </ClInclude>
    <ClInclude Include="..\dallasEng\dallasEng.h">
      <Filter>DallasEng</Filter>
    </ClInclude>
    <ClInclude Include="..\..\..\addons\ofxSystemCall\src\ofxSystemCall.h">
      <Filter>ofxSystemCall\src</Filter>
    </ClInclude>
    <ClInclude Include="..\..\..\addons\ofxSystemCall\src\ofxThread.h">
      <Filter>ofxSystemCall\src</Filter>
    </ClInclude>
    <ClInclude Include="src\RFID_reader\RFID_reader.h">
      <Filter>Controls\RFID_reader</Filter>
    </ClInclude>
    <ClInclude Include="..\..\..\addons\ofxDirList\src\ofxDirList.h">
      <Filter>ofxDirList\src</Filter>
    </ClInclude>
    <ClInclude Include="src\compiler\compiler.h">
      <Filter>Controls\compiler</Filter>
    </ClInclude>
    <ClInclude Include="src\robotConfig.h">
      <Filter>Controls</Filter>
    </ClInclude>
    <ClInclude Include="src\screenTest\screenTest.h">
      <Filter>Controls\screenTest</Filter>
    </ClInclude>
    <ClInclude Include="src\screenTest\turtle\turtle.h">
      <Filter>Controls\screenTest\turtle</Filter>
    </ClInclude>
    <ClInclude Include="src\screenTest\turtleAction\turtleAction.h">
      <Filter>Controls\screenTest\turtleAction</Filter>
    </ClInclude>
    <ClInclude Include="src\screenTest\evaluateExpression\evaluate.h">
      <Filter>Controls\screenTest\evaluateExpression</Filter>
    </ClInclude>
    <ClInclude Include="src\screenReport\screenReport.h">
      <Filter>screenReport</Filter>
    </ClInclude>
  </ItemGroup>
  <ItemGroup>
    <None Include="src\README.txt" />
  </ItemGroup>
  <ItemGroup>
    <Filter Include="Blocks">
      <UniqueIdentifier>{c3e14cb4-8ee5-4c78-a72a-45b8d916a12a}</UniqueIdentifier>
    </Filter>
    <Filter Include="Blocks\BaseBlock">
      <UniqueIdentifier>{459ff435-d05c-4619-919b-995f0b6b29b2}</UniqueIdentifier>
    </Filter>
    <Filter Include="Blocks\BlockGroup">
      <UniqueIdentifier>{39e421cc-0c49-4d84-942f-452b9c879ad2}</UniqueIdentifier>
    </Filter>
    <Filter Include="Controls">
      <UniqueIdentifier>{6b22930f-b74b-4bcd-8685-3418851879f7}</UniqueIdentifier>
    </Filter>
    <Filter Include="Controls\Upload Module">
      <UniqueIdentifier>{0278feb6-b26c-48a9-9273-c47e32a173f0}</UniqueIdentifier>
    </Filter>
    <Filter Include="Controls\DemoAnimation">
      <UniqueIdentifier>{9bf98549-93f5-4d18-927e-6875f1fc9b5f}</UniqueIdentifier>
    </Filter>
    <Filter Include="Controls\serialChecker">
      <UniqueIdentifier>{097e0a9b-2d25-47fa-ba58-f40be48eb910}</UniqueIdentifier>
    </Filter>
    <Filter Include="DallasEng">
      <UniqueIdentifier>{de6024de-429e-4215-93a2-c7e97a0a9bf2}</UniqueIdentifier>
    </Filter>
    <Filter Include="ofxSystemCall">
      <UniqueIdentifier>{161a2fd7-5725-4c52-a8a4-a0ee542e8f84}</UniqueIdentifier>
    </Filter>
    <Filter Include="ofxSystemCall\lib">
      <UniqueIdentifier>{a3d95847-d87f-489a-b858-08242b7205af}</UniqueIdentifier>
    </Filter>
    <Filter Include="ofxSystemCall\src">
      <UniqueIdentifier>{451dc614-ddbd-4b7a-8a4b-0a814a539714}</UniqueIdentifier>
    </Filter>
    <Filter Include="Controls\RFID_reader">
      <UniqueIdentifier>{36590cba-41b5-419f-9b21-a87c81a83c00}</UniqueIdentifier>
    </Filter>
    <Filter Include="ofxDirList">
      <UniqueIdentifier>{8efb629b-04fc-4a3d-936a-0186a5ec26db}</UniqueIdentifier>
    </Filter>
    <Filter Include="ofxDirList\src">
      <UniqueIdentifier>{d2793ff6-3e18-4b3e-adb1-2a2d206f945e}</UniqueIdentifier>
    </Filter>
    <Filter Include="Controls\compiler">
      <UniqueIdentifier>{79d4e6a5-fcf4-41c0-af30-53004c7d644b}</UniqueIdentifier>
    </Filter>
    <Filter Include="Controls\screenTest">
      <UniqueIdentifier>{7e480db9-f8ea-42e7-9358-7bf0ac108065}</UniqueIdentifier>
    </Filter>
    <Filter Include="Controls\screenTest\turtle">
      <UniqueIdentifier>{7b0b84d3-e3f9-4297-88be-08b80d27e20e}</UniqueIdentifier>
    </Filter>
    <Filter Include="Controls\screenTest\evaluateExpression">
      <UniqueIdentifier>{dcc4f0c4-2dbc-4525-be88-54cc6b5e1771}</UniqueIdentifier>
    </Filter>
    <Filter Include="Controls\screenTest\turtleAction">
      <UniqueIdentifier>{c7018ad8-68bc-430d-ac79-6493e034ad52}</UniqueIdentifier>
    </Filter>
    <Filter Include="screenReport">
      <UniqueIdentifier>{04e27bf2-eb84-4d3b-beaa-4eb20063f8ae}</UniqueIdentifier>
    </Filter>
    <Filter Include="Blocks\SideBar">
      <UniqueIdentifier>{c3b18614-a7ec-4d7b-b34f-8bb8d1e3fdca}</UniqueIdentifier>
    </Filter>
  </ItemGroup>
</Project>